
Microsoft Visual Studio Solution File, Format Version 12.00
# Visual Studio Version 17
VisualStudioVersion = 17.0.31903.59
MinimumVisualStudioVersion = 10.0.40219.1
Project("{FAE04EC0-301F-11D3-BF4B-00C04F79EFBC}") = "Ejercicio001Lib", "Ejercicio001Lib\Ejercicio001Lib.csproj", "{F1D7E688-E685-43F5-8703-6CDE3B03D272}"
EndProject
Project("{FAE04EC0-301F-11D3-BF4B-00C04F79EFBC}") = "Ejercicio001.Tests", "Ejercicio001.Tests\Ejercicio001.Tests.csproj", "{B7265787-65A8-4FA0-B16F-44E37024AC78}"
EndProject
Global
	GlobalSection(SolutionConfigurationPlatforms) = preSolution
		Debug|Any CPU = Debug|Any CPU
		Release|Any CPU = Release|Any CPU
	EndGlobalSection
	GlobalSection(SolutionProperties) = preSolution
		HideSolutionNode = FALSE
	EndGlobalSection
	GlobalSection(ProjectConfigurationPlatforms) = postSolution
		{F1D7E688-E685-43F5-8703-6CDE3B03D272}.Debug|Any CPU.ActiveCfg = Debug|Any CPU
		{F1D7E688-E685-43F5-8703-6CDE3B03D272}.Debug|Any CPU.Build.0 = Debug|Any CPU
		{F1D7E688-E685-43F5-8703-6CDE3B03D272}.Release|Any CPU.ActiveCfg = Release|Any CPU
		{F1D7E688-E685-43F5-8703-6CDE3B03D272}.Release|Any CPU.Build.0 = Release|Any CPU
		{B7265787-65A8-4FA0-B16F-44E37024AC78}.Debug|Any CPU.ActiveCfg = Debug|Any CPU
		{B7265787-65A8-4FA0-B16F-44E37024AC78}.Debug|Any CPU.Build.0 = Debug|Any CPU
		{B7265787-65A8-4FA0-B16F-44E37024AC78}.Release|Any CPU.ActiveCfg = Release|Any CPU
		{B7265787-65A8-4FA0-B16F-44E37024AC78}.Release|Any CPU.Build.0 = Release|Any CPU
	EndGlobalSection
EndGlobal
